// !$*UTF8*$!
{
	archiveVersion = 1;
	classes = {
	};
	objectVersion = 77;
	objects = {

/* Begin PBXContainerItemProxy section */
		AB8EAB812ED2153500B425A5 /* PBXContainerItemProxy */ = {
			isa = PBXContainerItemProxy;
			containerPortal = AB8EAB682ED2153200B425A5 /* Project object */;
			proxyType = 1;
			remoteGlobalIDString = AB8EAB6F2ED2153200B425A5;
			remoteInfo = FindMY;
		};
		AB8EAB8B2ED2153500B425A5 /* PBXContainerItemProxy */ = {
			isa = PBXContainerItemProxy;
			containerPortal = AB8EAB682ED2153200B425A5 /* Project object */;
			proxyType = 1;
			remoteGlobalIDString = AB8EAB6F2ED2153200B425A5;
			remoteInfo = FindMY;
		};
/* End PBXContainerItemProxy section */

/* Begin PBXFileReference section */
		AB8EAB702ED2153200B425A5 /* FindMy.app */ = {isa = PBXFileReference; explicitFileType = wrapper.application; includeInIndex = 0; path = FindMy.app; sourceTree = BUILT_PRODUCTS_DIR; };
		AB8EAB802ED2153500B425A5 /* FindMyTests.xctest */ = {isa = PBXFileReference; explicitFileType = wrapper.cfbundle; includeInIndex = 0; path = FindMyTests.xctest; sourceTree = BUILT_PRODUCTS_DIR; };
		AB8EAB8A2ED2153500B425A5 /* FindMyUITests.xctest */ = {isa = PBXFileReference; explicitFileType = wrapper.cfbundle; includeInIndex = 0; path = FindMyUITests.xctest; sourceTree = BUILT_PRODUCTS_DIR; };
/* End PBXFileReference section */

/* Begin PBXFileSystemSynchronizedRootGroup section */
		AB8EAB722ED2153200B425A5 /* FindMY */ = {
			isa = PBXFileSystemSynchronizedRootGroup;
			path = FindMY;
			sourceTree = "<group>";
		};
		AB8EAB832ED2153500B425A5 /* FindMYTests */ = {
			isa = PBXFileSystemSynchronizedRootGroup;
			path = FindMYTests;
			sourceTree = "<group>";
		};
		AB8EAB8D2ED2153500B425A5 /* FindMYUITests */ = {
			isa = PBXFileSystemSynchronizedRootGroup;
			path = FindMYUITests;
			sourceTree = "<group>";
		};
/* End PBXFileSystemSynchronizedRootGroup section */

/* Begin PBXFrameworksBuildPhase section */
		AB8EAB6D2ED2153200B425A5 /* Frameworks */ = {
			isa = PBXFrameworksBuildPhase;
			buildActionMask = 2147483647;
			files = (
			);
			runOnlyForDeploymentPostprocessing = 0;
		};
		AB8EAB7D2ED2153500B425A5 /* Frameworks */ = {
			isa = PBXFrameworksBuildPhase;
			buildActionMask = 2147483647;
			files = (
			);
			runOnlyForDeploymentPostprocessing = 0;
		};
		AB8EAB872ED2153500B425A5 /* Frameworks */ = {
			isa = PBXFrameworksBuildPhase;
			buildActionMask = 2147483647;
			files = (
			);
			runOnlyForDeploymentPostprocessing = 0;
		};
/* End PBXFrameworksBuildPhase section */

/* Begin PBXGroup section */
		AB8EAB672ED2153200B425A5 = {
			isa = PBXGroup;
			children = (
				AB8EAB722ED2153200B425A5 /* FindMY */,
				AB8EAB832ED2153500B425A5 /* FindMYTests */,
				AB8EAB8D2ED2153500B425A5 /* FindMYUITests */,
				AB8EAB712ED2153200B425A5 /* Products */,
			);
			sourceTree = "<group>";
		};
		AB8EAB712ED2153200B425A5 /* Products */ = {
			isa = PBXGroup;
			children = (
				AB8EAB702ED2153200B425A5 /* FindMy.app */,
				AB8EAB802ED2153500B425A5 /* FindMyTests.xctest */,
				AB8EAB8A2ED2153500B425A5 /* FindMyUITests.xctest */,
			);
			name = Products;
			sourceTree = "<group>";
		};
/* End PBXGroup section */

/* Begin PBXNativeTarget section */
		AB8EAB6F2ED2153200B425A5 /* FindMy */ = {
			isa = PBXNativeTarget;
			buildConfigurationList = AB8EAB942ED2153500B425A5 /* Build configuration list for PBXNativeTarget "FindMy" */;
			buildPhases = (
				AB8EAB6C2ED2153200B425A5 /* Sources */,
				AB8EAB6D2ED2153200B425A5 /* Frameworks */,
				AB8EAB6E2ED2153200B425A5 /* Resources */,
			);
			buildRules = (
			);
			dependencies = (
			);
			fileSystemSynchronizedGroups = (
				AB8EAB722ED2153200B425A5 /* FindMY */,
			);
			name = FindMy;
			packageProductDependencies = (
			);
			productName = FindMY;
			productReference = AB8EAB702ED2153200B425A5 /* FindMy.app */;
			productType = "com.apple.product-type.application";
		};
		AB8EAB7F2ED2153500B425A5 /* FindMyTests */ = {
			isa = PBXNativeTarget;
			buildConfigurationList = AB8EAB972ED2153500B425A5 /* Build configuration list for PBXNativeTarget "FindMyTests" */;
			buildPhases = (
				AB8EAB7C2ED2153500B425A5 /* Sources */,
				AB8EAB7D2ED2153500B425A5 /* Frameworks */,
				AB8EAB7E2ED2153500B425A5 /* Resources */,
			);
			buildRules = (
			);
			dependencies = (
				AB8EAB822ED2153500B425A5 /* PBXTargetDependency */,
			);
			fileSystemSynchronizedGroups = (
				AB8EAB832ED2153500B425A5 /* FindMYTests */,
			);
			name = FindMyTests;
			packageProductDependencies = (
			);
			productName = FindMYTests;
			productReference = AB8EAB802ED2153500B425A5 /* FindMyTests.xctest */;
			productType = "com.apple.product-type.bundle.unit-test";
		};
		AB8EAB892ED2153500B425A5 /* FindMyUITests */ = {
			isa = PBXNativeTarget;
			buildConfigurationList = AB8EAB9A2ED2153500B425A5 /* Build configuration list for PBXNativeTarget "FindMyUITests" */;
			buildPhases = (
				AB8EAB862ED2153500B425A5 /* Sources */,
				AB8EAB872ED2153500B425A5 /* Frameworks */,
				AB8EAB882ED2153500B425A5 /* Resources */,
			);
			buildRules = (
			);
			dependencies = (
				AB8EAB8C2ED2153500B425A5 /* PBXTargetDependency */,
			);
			fileSystemSynchronizedGroups = (
				AB8EAB8D2ED2153500B425A5 /* FindMYUITests */,
			);
			name = FindMyUITests;
			packageProductDependencies = (
			);
			productName = FindMYUITests;
			productReference = AB8EAB8A2ED2153500B425A5 /* FindMyUITests.xctest */;
			productType = "com.apple.product-type.bundle.ui-testing";
		};
/* End PBXNativeTarget section */

/* Begin PBXProject section */
		AB8EAB682ED2153200B425A5 /* Project object */ = {
			isa = PBXProject;
			attributes = {
				BuildIndependentTargetsInParallel = 1;
				LastSwiftUpdateCheck = 1620;
				LastUpgradeCheck = 1620;
				TargetAttributes = {
					AB8EAB6F2ED2153200B425A5 = {
						CreatedOnToolsVersion = 16.2;
					};
					AB8EAB7F2ED2153500B425A5 = {
						CreatedOnToolsVersion = 16.2;
						TestTargetID = AB8EAB6F2ED2153200B425A5;
					};
					AB8EAB892ED2153500B425A5 = {
						CreatedOnToolsVersion = 16.2;
						TestTargetID = AB8EAB6F2ED2153200B425A5;
					};
				};
			};
			buildConfigurationList = AB8EAB6B2ED2153200B425A5 /* Build configuration list for PBXProject "FindMy" */;
			developmentRegion = en;
			hasScannedForEncodings = 0;
			knownRegions = (
				en,
				Base,
			);
			mainGroup = AB8EAB672ED2153200B425A5;
			minimizedProjectReferenceProxies = 1;
			preferredProjectObjectVersion = 77;
			productRefGroup = AB8EAB712ED2153200B425A5 /* Products */;
			projectDirPath = "";
			projectRoot = "";
			targets = (
				AB8EAB6F2ED2153200B425A5 /* FindMy */,
				AB8EAB7F2ED2153500B425A5 /* FindMyTests */,
				AB8EAB892ED2153500B425A5 /* FindMyUITests */,
			);
		};
/* End PBXProject section */

/* Begin PBXResourcesBuildPhase section */
		AB8EAB6E2ED2153200B425A5 /* Resources */ = {
			isa = PBXResourcesBuildPhase;
			buildActionMask = 2147483647;
			files = (
			);
			runOnlyForDeploymentPostprocessing = 0;
		};
		AB8EAB7E2ED2153500B425A5 /* Resources */ = {
			isa = PBXResourcesBuildPhase;
			buildActionMask = 2147483647;
			files = (
			);
			runOnlyForDeploymentPostprocessing = 0;
		};
		AB8EAB882ED2153500B425A5 /* Resources */ = {
			isa = PBXResourcesBuildPhase;
			buildActionMask = 2147483647;
			files = (
			);
			runOnlyForDeploymentPostprocessing = 0;
		};
/* End PBXResourcesBuildPhase section */

/* Begin PBXSourcesBuildPhase section */
		AB8EAB6C2ED2153200B425A5 /* Sources */ = {
			isa = PBXSourcesBuildPhase;
			buildActionMask = 2147483647;
			files = (
			);
			runOnlyForDeploymentPostprocessing = 0;
		};
		AB8EAB7C2ED2153500B425A5 /* Sources */ = {
			isa = PBXSourcesBuildPhase;
			buildActionMask = 2147483647;
			files = (
			);
			runOnlyForDeploymentPostprocessing = 0;
		};
		AB8EAB862ED2153500B425A5 /* Sources */ = {
			isa = PBXSourcesBuildPhase;
			buildActionMask = 2147483647;
			files = (
			);
			runOnlyForDeploymentPostprocessing = 0;
		};
/* End PBXSourcesBuildPhase section */

/* Begin PBXTargetDependency section */
		AB8EAB822ED2153500B425A5 /* PBXTargetDependency */ = {
			isa = PBXTargetDependency;
			target = AB8EAB6F2ED2153200B425A5 /* FindMy */;
			targetProxy = AB8EAB812ED2153500B425A5 /* PBXContainerItemProxy */;
		};
		AB8EAB8C2ED2153500B425A5 /* PBXTargetDependency */ = {
			isa = PBXTargetDependency;
			target = AB8EAB6F2ED2153200B425A5 /* FindMy */;
			targetProxy = AB8EAB8B2ED2153500B425A5 /* PBXContainerItemProxy */;
		};
/* End PBXTargetDependency section */

/* Begin XCBuildConfiguration section */
		AB8EAB922ED2153500B425A5 /* Debug */ = {
			isa = XCBuildConfiguration;
			buildSettings = {
				ALWAYS_SEARCH_USER_PATHS = NO;
				ASSETCATALOG_COMPILER_GENERATE_SWIFT_ASSET_SYMBOL_EXTENSIONS = YES;
				CLANG_ANALYZER_NONNULL = YES;
				CLANG_ANALYZER_NUMBER_OBJECT_CONVERSION = YES_AGGRESSIVE;
				CLANG_CXX_LANGUAGE_STANDARD = "gnu++20";
				CLANG_ENABLE_MODULES = YES;
				CLANG_ENABLE_OBJC_ARC = YES;
				CLANG_ENABLE_OBJC_WEAK = YES;
				CLANG_WARN_BLOCK_CAPTURE_AUTORELEASING = YES;
				CLANG_WARN_BOOL_CONVERSION = YES;
				CLANG_WARN_COMMA = YES;
				CLANG_WARN_CONSTANT_CONVERSION = YES;
				CLANG_WARN_DEPRECATED_OBJC_IMPLEMENTATIONS = YES;
				CLANG_WARN_DIRECT_OBJC_ISA_USAGE = YES_ERROR;
				CLANG_WARN_DOCUMENTATION_COMMENTS = YES;
				CLANG_WARN_EMPTY_BODY = YES;
				CLANG_WARN_ENUM_CONVERSION = YES;
				CLANG_WARN_INFINITE_RECURSION = YES;
				CLANG_WARN_INT_CONVERSION = YES;
				CLANG_WARN_NON_LITERAL_NULL_CONVERSION = YES;
				CLANG_WARN_OBJC_IMPLICIT_RETAIN_SELF = YES;
				CLANG_WARN_OBJC_LITERAL_CONVERSION = YES;
				CLANG_WARN_OBJC_ROOT_CLASS = YES_ERROR;
				CLANG_WARN_QUOTED_INCLUDE_IN_FRAMEWORK_HEADER = YES;
				CLANG_WARN_RANGE_LOOP_ANALYSIS = YES;
				CLANG_WARN_STRICT_PROTOTYPES = YES;
				CLANG_WARN_SUSPICIOUS_MOVE = YES;
				CLANG_WARN_UNGUARDED_AVAILABILITY = YES_AGGRESSIVE;
				CLANG_WARN_UNREACHABLE_CODE = YES;
				CLANG_WARN__DUPLICATE_METHOD_MATCH = YES;
				COPY_PHASE_STRIP = NO;
				DEBUG_INFORMATION_FORMAT = dwarf;
				ENABLE_STRICT_OBJC_MSGSEND = YES;
				ENABLE_TESTABILITY = YES;
				ENABLE_USER_SCRIPT_SANDBOXING = YES;
				GCC_C_LANGUAGE_STANDARD = gnu17;
				GCC_DYNAMIC_NO_PIC = NO;
				GCC_NO_COMMON_BLOCKS = YES;
				GCC_OPTIMIZATION_LEVEL = 0;
				GCC_PREPROCESSOR_DEFINITIONS = (
					"DEBUG=1",
					"$(inherited)",
				);
				GCC_WARN_64_TO_32_BIT_CONVERSION = YES;
				GCC_WARN_ABOUT_RETURN_TYPE = YES_ERROR;
				GCC_WARN_UNDECLARED_SELECTOR = YES;
				GCC_WARN_UNINITIALIZED_AUTOS = YES_AGGRESSIVE;
				GCC_WARN_UNUSED_FUNCTION = YES;
				GCC_WARN_UNUSED_VARIABLE = YES;
				IPHONEOS_DEPLOYMENT_TARGET = 18.2;
				LOCALIZATION_PREFERS_STRING_CATALOGS = YES;
				MTL_ENABLE_DEBUG_INFO = INCLUDE_SOURCE;
				MTL_FAST_MATH = YES;
				ONLY_ACTIVE_ARCH = YES;
				SDKROOT = iphoneos;
				SWIFT_ACTIVE_COMPILATION_CONDITIONS = "DEBUG $(inherited)";
				SWIFT_OPTIMIZATION_LEVEL = "-Onone";
			};
			name = Debug;
		};
		AB8EAB932ED2153500B425A5 /* Release */ = {
			isa = XCBuildConfiguration;
			buildSettings = {
				ALWAYS_SEARCH_USER_PATHS = NO;
				ASSETCATALOG_COMPILER_GENERATE_SWIFT_ASSET_SYMBOL_EXTENSIONS = YES;
				CLANG_ANALYZER_NONNULL = YES;
				CLANG_ANALYZER_NUMBER_OBJECT_CONVERSION = YES_AGGRESSIVE;
				CLANG_CXX_LANGUAGE_STANDARD = "gnu++20";
				CLANG_ENABLE_MODULES = YES;
				CLANG_ENABLE_OBJC_ARC = YES;
				CLANG_ENABLE_OBJC_WEAK = YES;
				CLANG_WARN_BLOCK_CAPTURE_AUTORELEASING = YES;
				CLANG_WARN_BOOL_CONVERSION = YES;
				CLANG_WARN_COMMA = YES;
				CLANG_WARN_CONSTANT_CONVERSION = YES;
				CLANG_WARN_DEPRECATED_OBJC_IMPLEMENTATIONS = YES;
				CLANG_WARN_DIRECT_OBJC_ISA_USAGE = YES_ERROR;
				CLANG_WARN_DOCUMENTATION_COMMENTS = YES;
				CLANG_WARN_EMPTY_BODY = YES;
				CLANG_WARN_ENUM_CONVERSION = YES;
				CLANG_WARN_INFINITE_RECURSION = YES;
				CLANG_WARN_INT_CONVERSION = YES;
				CLANG_WARN_NON_LITERAL_NULL_CONVERSION = YES;
				CLANG_WARN_OBJC_IMPLICIT_RETAIN_SELF = YES;
				CLANG_WARN_OBJC_LITERAL_CONVERSION = YES;
				CLANG_WARN_OBJC_ROOT_CLASS = YES_ERROR;
				CLANG_WARN_QUOTED_INCLUDE_IN_FRAMEWORK_HEADER = YES;
				CLANG_WARN_RANGE_LOOP_ANALYSIS = YES;
				CLANG_WARN_STRICT_PROTOTYPES = YES;
				CLANG_WARN_SUSPICIOUS_MOVE = YES;
				CLANG_WARN_UNGUARDED_AVAILABILITY = YES_AGGRESSIVE;
				CLANG_WARN_UNREACHABLE_CODE = YES;
				CLANG_WARN__DUPLICATE_METHOD_MATCH = YES;
				COPY_PHASE_STRIP = NO;
				DEBUG_INFORMATION_FORMAT = "dwarf-with-dsym";
				ENABLE_NS_ASSERTIONS = NO;
				ENABLE_STRICT_OBJC_MSGSEND = YES;
				ENABLE_USER_SCRIPT_SANDBOXING = YES;
				GCC_C_LANGUAGE_STANDARD = gnu17;
				GCC_NO_COMMON_BLOCKS = YES;
				GCC_WARN_64_TO_32_BIT_CONVERSION = YES;
				GCC_WARN_ABOUT_RETURN_TYPE = YES_ERROR;
				GCC_WARN_UNDECLARED_SELECTOR = YES;
				GCC_WARN_UNINITIALIZED_AUTOS = YES_AGGRESSIVE;
				GCC_WARN_UNUSED_FUNCTION = YES;
				GCC_WARN_UNUSED_VARIABLE = YES;
				IPHONEOS_DEPLOYMENT_TARGET = 18.2;
				LOCALIZATION_PREFERS_STRING_CATALOGS = YES;
				MTL_ENABLE_DEBUG_INFO = NO;
				MTL_FAST_MATH = YES;
				SDKROOT = iphoneos;
				SWIFT_COMPILATION_MODE = wholemodule;
				VALIDATE_PRODUCT = YES;
			};
			name = Release;
		};
		AB8EAB952ED2153500B425A5 /* Debug */ = {
			isa = XCBuildConfiguration;
			buildSettings = {
				ASSETCATALOG_COMPILER_APPICON_NAME = AppIcon;
				ASSETCATALOG_COMPILER_GLOBAL_ACCENT_COLOR_NAME = AccentColor;
				CODE_SIGN_STYLE = Automatic;
				CURRENT_PROJECT_VERSION = 1;
				DEVELOPMENT_ASSET_PATHS = "\"FindMY/Preview Content\"";
				DEVELOPMENT_TEAM = TG6246SUQ2;
				ENABLE_PREVIEWS = YES;
				GENERATE_INFOPLIST_FILE = YES;
				INFOPLIST_KEY_NSBluetoothAlwaysUsageDescription = "This app uses Bluetooth to find nearvy ESP32 beacons";
				INFOPLIST_KEY_NSLocationAlwaysUsageDescription = "FindMY uses your location to remember where your scooter was when it was last seen.";
				INFOPLIST_KEY_NSLocationWhenInUseUsageDescription = "FindMY uses your location to remember where your scooter was parked.";
				INFOPLIST_KEY_UIApplicationSceneManifest_Generation = YES;
				INFOPLIST_KEY_UIApplicationSupportsIndirectInputEvents = YES;
				INFOPLIST_KEY_UILaunchScreen_Generation = YES;
				INFOPLIST_KEY_UISupportedInterfaceOrientations_iPad = "UIInterfaceOrientationPortrait UIInterfaceOrientationPortraitUpsideDown UIInterfaceOrientationLandscapeLeft UIInterfaceOrientationLandscapeRight";
				INFOPLIST_KEY_UISupportedInterfaceOrientations_iPhone = "UIInterfaceOrientationPortrait UIInterfaceOrientationLandscapeLeft UIInterfaceOrientationLandscapeRight";
				LD_RUNPATH_SEARCH_PATHS = (
					"$(inherited)",
					"@executable_path/Frameworks",
				);
				MARKETING_VERSION = 1.0;
				PRODUCT_BUNDLE_IDENTIFIER = "Rishi-Tak.FindMY";
				PRODUCT_NAME = "$(TARGET_NAME)";
				SWIFT_EMIT_LOC_STRINGS = YES;
				SWIFT_VERSION = 5.0;
				TARGETED_DEVICE_FAMILY = "1,2";
			};
			name = Debug;
		};
		AB8EAB962ED2153500B425A5 /* Release */ = {
			isa = XCBuildConfiguration;
			buildSettings = {
				ASSETCATALOG_COMPILER_APPICON_NAME = AppIcon;
				ASSETCATALOG_COMPILER_GLOBAL_ACCENT_COLOR_NAME = AccentColor;
				CODE_SIGN_STYLE = Automatic;
				CURRENT_PROJECT_VERSION = 1;
				DEVELOPMENT_ASSET_PATHS = "\"FindMY/Preview Content\"";
				DEVELOPMENT_TEAM = TG6246SUQ2;
				ENABLE_PREVIEWS = YES;
				GENERATE_INFOPLIST_FILE = YES;
				INFOPLIST_KEY_NSBluetoothAlwaysUsageDescription = "This app uses Bluetooth to find nearvy ESP32 beacons";
				INFOPLIST_KEY_NSLocationAlwaysUsageDescription = "FindMY uses your location to remember where your scooter was when it was last seen.";
				INFOPLIST_KEY_NSLocationWhenInUseUsageDescription = "FindMY uses your location to remember where your scooter was parked.";
				INFOPLIST_KEY_UIApplicationSceneManifest_Generation = YES;
				INFOPLIST_KEY_UIApplicationSupportsIndirectInputEvents = YES;
				INFOPLIST_KEY_UILaunchScreen_Generation = YES;
				INFOPLIST_KEY_UISupportedInterfaceOrientations_iPad = "UIInterfaceOrientationPortrait UIInterfaceOrientationPortraitUpsideDown UIInterfaceOrientationLandscapeLeft UIInterfaceOrientationLandscapeRight";
				INFOPLIST_KEY_UISupportedInterfaceOrientations_iPhone = "UIInterfaceOrientationPortrait UIInterfaceOrientationLandscapeLeft UIInterfaceOrientationLandscapeRight";
				LD_RUNPATH_SEARCH_PATHS = (
					"$(inherited)",
					"@executable_path/Frameworks",
				);
				MARKETING_VERSION = 1.0;
				PRODUCT_BUNDLE_IDENTIFIER = "Rishi-Tak.FindMY";
				PRODUCT_NAME = "$(TARGET_NAME)";
				SWIFT_EMIT_LOC_STRINGS = YES;
				SWIFT_VERSION = 5.0;
				TARGETED_DEVICE_FAMILY = "1,2";
			};
			name = Release;
		};
		AB8EAB982ED2153500B425A5 /* Debug */ = {
			isa = XCBuildConfiguration;
			buildSettings = {
				BUNDLE_LOADER = "$(TEST_HOST)";
				CODE_SIGN_STYLE = Automatic;
				CURRENT_PROJECT_VERSION = 1;
				GENERATE_INFOPLIST_FILE = YES;
				IPHONEOS_DEPLOYMENT_TARGET = 18.2;
				MARKETING_VERSION = 1.0;
				PRODUCT_BUNDLE_IDENTIFIER = "Rishi-Tak.FindMYTests";
				PRODUCT_NAME = "$(TARGET_NAME)";
				SWIFT_EMIT_LOC_STRINGS = NO;
				SWIFT_VERSION = 5.0;
				TARGETED_DEVICE_FAMILY = "1,2";
				TEST_HOST = "$(BUILT_PRODUCTS_DIR)/FindMy.app/$(BUNDLE_EXECUTABLE_FOLDER_PATH)/FindMy";
			};
			name = Debug;
		};
		AB8EAB992ED2153500B425A5 /* Release */ = {
			isa = XCBuildConfiguration;
			buildSettings = {
				BUNDLE_LOADER = "$(TEST_HOST)";
				CODE_SIGN_STYLE = Automatic;
				CURRENT_PROJECT_VERSION = 1;
				GENERATE_INFOPLIST_FILE = YES;
				IPHONEOS_DEPLOYMENT_TARGET = 18.2;
				MARKETING_VERSION = 1.0;
				PRODUCT_BUNDLE_IDENTIFIER = "Rishi-Tak.FindMYTests";
				PRODUCT_NAME = "$(TARGET_NAME)";
				SWIFT_EMIT_LOC_STRINGS = NO;
				SWIFT_VERSION = 5.0;
				TARGETED_DEVICE_FAMILY = "1,2";
				TEST_HOST = "$(BUILT_PRODUCTS_DIR)/FindMy.app/$(BUNDLE_EXECUTABLE_FOLDER_PATH)/FindMy";
			};
			name = Release;
		};
		AB8EAB9B2ED2153500B425A5 /* Debug */ = {
			isa = XCBuildConfiguration;
			buildSettings = {
				CODE_SIGN_STYLE = Automatic;
				CURRENT_PROJECT_VERSION = 1;
				GENERATE_INFOPLIST_FILE = YES;
				MARKETING_VERSION = 1.0;
				PRODUCT_BUNDLE_IDENTIFIER = "Rishi-Tak.FindMYUITests";
				PRODUCT_NAME = "$(TARGET_NAME)";
				SWIFT_EMIT_LOC_STRINGS = NO;
				SWIFT_VERSION = 5.0;
				TARGETED_DEVICE_FAMILY = "1,2";
				TEST_TARGET_NAME = FindMY;
			};
			name = Debug;
		};
		AB8EAB9C2ED2153500B425A5 /* Release */ = {
			isa = XCBuildConfiguration;
			buildSettings = {
				CODE_SIGN_STYLE = Automatic;
				CURRENT_PROJECT_VERSION = 1;
				GENERATE_INFOPLIST_FILE = YES;
				MARKETING_VERSION = 1.0;
				PRODUCT_BUNDLE_IDENTIFIER = "Rishi-Tak.FindMYUITests";
				PRODUCT_NAME = "$(TARGET_NAME)";
				SWIFT_EMIT_LOC_STRINGS = NO;
				SWIFT_VERSION = 5.0;
				TARGETED_DEVICE_FAMILY = "1,2";
				TEST_TARGET_NAME = FindMY;
			};
			name = Release;
		};
/* End XCBuildConfiguration section */

/* Begin XCConfigurationList section */
		AB8EAB6B2ED2153200B425A5 /* Build configuration list for PBXProject "FindMy" */ = {
			isa = XCConfigurationList;
			buildConfigurations = (
				AB8EAB922ED2153500B425A5 /* Debug */,
				AB8EAB932ED2153500B425A5 /* Release */,
			);
			defaultConfigurationIsVisible = 0;
			defaultConfigurationName = Release;
		};
		AB8EAB942ED2153500B425A5 /* Build configuration list for PBXNativeTarget "FindMy" */ = {
			isa = XCConfigurationList;
			buildConfigurations = (
				AB8EAB952ED2153500B425A5 /* Debug */,
				AB8EAB962ED2153500B425A5 /* Release */,
			);
			defaultConfigurationIsVisible = 0;
			defaultConfigurationName = Release;
		};
		AB8EAB972ED2153500B425A5 /* Build configuration list for PBXNativeTarget "FindMyTests" */ = {
			isa = XCConfigurationList;
			buildConfigurations = (
				AB8EAB982ED2153500B425A5 /* Debug */,
				AB8EAB992ED2153500B425A5 /* Release */,
			);
			defaultConfigurationIsVisible = 0;
			defaultConfigurationName = Release;
		};
		AB8EAB9A2ED2153500B425A5 /* Build configuration list for PBXNativeTarget "FindMyUITests" */ = {
			isa = XCConfigurationList;
			buildConfigurations = (
				AB8EAB9B2ED2153500B425A5 /* Debug */,
				AB8EAB9C2ED2153500B425A5 /* Release */,
			);
			defaultConfigurationIsVisible = 0;
			defaultConfigurationName = Release;
		};
/* End XCConfigurationList section */
	};
	rootObject = AB8EAB682ED2153200B425A5 /* Project object */;
}
